{
  "name": "static",
  "lockfileVersion": 2,
  "requires": true,
  "packages": {
    "": {
      "dependencies": {
        "echarts": "^5.1.2",
        "xterm": "^4.12.0",
        "xterm-addon-attach": "^0.6.0",
        "xterm-addon-fit": "^0.5.0"
      }
    },
    "node_modules/echarts": {
      "version": "5.1.2",
      "resolved": "https://registry.nlark.com/echarts/download/echarts-5.1.2.tgz?cache=0&sync_timestamp=1623167246710&other_urls=https%3A%2F%2Fregistry.nlark.com%2Fecharts%2Fdownload%2Fecharts-5.1.2.tgz",
      "integrity": "sha1-qhqwzvW3T6L3xiAmGl8oaJPTD9E=",
      "dependencies": {
        "tslib": "2.0.3",
        "zrender": "5.1.1"
      }
    },
    "node_modules/tslib": {
      "version": "2.0.3",
      "resolved": "https://registry.npm.taobao.org/tslib/download/tslib-2.0.3.tgz",
      "integrity": "sha1-jgdBrEX8DCJuWKF7/D5kubxsphw="
    },
    "node_modules/xterm": {
      "version": "4.12.0",
      "resolved": "https://registry.nlark.com/xterm/download/xterm-4.12.0.tgz?cache=0&sync_timestamp=1622280523512&other_urls=https%3A%2F%2Fregistry.nlark.com%2Fxterm%2Fdownload%2Fxterm-4.12.0.tgz",
      "integrity": "sha1-2wm0JbTcrluW+Mu6qpOzvGCZfKk="
    },
    "node_modules/xterm-addon-attach": {
      "version": "0.6.0",
      "resolved": "https://registry.npm.taobao.org/xterm-addon-attach/download/xterm-addon-attach-0.6.0.tgz",
      "integrity": "sha1-Igwjrd1iq4jJkU4tTAb3QH5EaA4=",
      "peerDependencies": {
        "xterm": "^4.0.0"
      }
    },
    "node_modules/xterm-addon-fit": {
      "version": "0.5.0",
      "resolved": "https://registry.npm.taobao.org/xterm-addon-fit/download/xterm-addon-fit-0.5.0.tgz",
      "integrity": "sha1-LVG5g7eGqX3NbN6AXnAMf5E7xZY=",
      "peerDependencies": {
        "xterm": "^4.0.0"
      }
    },
    "node_modules/zrender": {
      "version": "5.1.1",
      "resolved": "https://registry.nlark.com/zrender/download/zrender-5.1.1.tgz",
      "integrity": "sha1-BRX0+MwPR0LwKmuIGVUKbRPWTFw=",
      "dependencies": {
        "tslib": "2.0.3"
      }
    }
  },
  "dependencies": {
    "echarts": {
      "version": "5.1.2",
      "resolved": "https://registry.nlark.com/echarts/download/echarts-5.1.2.tgz?cache=0&sync_timestamp=1623167246710&other_urls=https%3A%2F%2Fregistry.nlark.com%2Fecharts%2Fdownload%2Fecharts-5.1.2.tgz",
      "integrity": "sha1-qhqwzvW3T6L3xiAmGl8oaJPTD9E=",
      "requires": {
        "tslib": "2.0.3",
        "zrender": "5.1.1"
      }
    },
    "tslib": {
      "version": "2.0.3",
      "resolved": "https://registry.npm.taobao.org/tslib/download/tslib-2.0.3.tgz",
      "integrity": "sha1-jgdBrEX8DCJuWKF7/D5kubxsphw="
    },
    "xterm": {
      "version": "4.12.0",
      "resolved": "https://registry.nlark.com/xterm/download/xterm-4.12.0.tgz?cache=0&sync_timestamp=1622280523512&other_urls=https%3A%2F%2Fregistry.nlark.com%2Fxterm%2Fdownload%2Fxterm-4.12.0.tgz",
      "integrity": "sha1-2wm0JbTcrluW+Mu6qpOzvGCZfKk="
    },
    "xterm-addon-attach": {
      "version": "0.6.0",
      "resolved": "https://registry.npm.taobao.org/xterm-addon-attach/download/xterm-addon-attach-0.6.0.tgz",
      "integrity": "sha1-Igwjrd1iq4jJkU4tTAb3QH5EaA4=",
      "requires": {}
    },
    "xterm-addon-fit": {
      "version": "0.5.0",
      "resolved": "https://registry.npm.taobao.org/xterm-addon-fit/download/xterm-addon-fit-0.5.0.tgz",
      "integrity": "sha1-LVG5g7eGqX3NbN6AXnAMf5E7xZY=",
      "requires": {}
    },
    "zrender": {
      "version": "5.1.1",
      "resolved": "https://registry.nlark.com/zrender/download/zrender-5.1.1.tgz",
      "integrity": "sha1-BRX0+MwPR0LwKmuIGVUKbRPWTFw=",
      "requires": {
        "tslib": "2.0.3"
      }
    }
  }
}
